
Microsoft Visual Studio Solution File, Format Version 12.00
# Visual Studio Version 17
VisualStudioVersion = 17.8.34525.116
MinimumVisualStudioVersion = 10.0.40219.1
Project("{FAE04EC0-301F-11D3-BF4B-00C04F79EFBC}") = "AddressApp", "AddressApp\AddressApp.csproj", "{CA59727E-035A-4EE7-9954-5C13B471606A}"
EndProject
Global
	GlobalSection(SolutionConfigurationPlatforms) = preSolution
		Debug|Any CPU = Debug|Any CPU
		Release|Any CPU = Release|Any CPU
	EndGlobalSection
	GlobalSection(ProjectConfigurationPlatforms) = postSolution
		{CA59727E-035A-4EE7-9954-5C13B471606A}.Debug|Any CPU.ActiveCfg = Debug|Any CPU
		{CA59727E-035A-4EE7-9954-5C13B471606A}.Debug|Any CPU.Build.0 = Debug|Any CPU
		{CA59727E-035A-4EE7-9954-5C13B471606A}.Release|Any CPU.ActiveCfg = Release|Any CPU
		{CA59727E-035A-4EE7-9954-5C13B471606A}.Release|Any CPU.Build.0 = Release|Any CPU
	EndGlobalSection
	GlobalSection(SolutionProperties) = preSolution
		HideSolutionNode = FALSE
	EndGlobalSection
	GlobalSection(ExtensibilityGlobals) = postSolution
		SolutionGuid = {834111D1-6E90-4311-B5A0-E02DAD440278}
	EndGlobalSection
EndGlobal
